
Microsoft Visual Studio Solution File, Format Version 12.00
# Visual Studio Version 17
VisualStudioVersion = 17.8.34511.84
MinimumVisualStudioVersion = 10.0.40219.1
Project("{FAE04EC0-301F-11D3-BF4B-00C04F79EFBC}") = "hw22.01c-sharp", "hw22.01c-sharp\hw22.01c-sharp.csproj", "{AB53A8DC-83F2-4D41-9D8D-C15A4E91C983}"
EndProject
Global
	GlobalSection(SolutionConfigurationPlatforms) = preSolution
		Debug|Any CPU = Debug|Any CPU
		Release|Any CPU = Release|Any CPU
	EndGlobalSection
	GlobalSection(ProjectConfigurationPlatforms) = postSolution
		{AB53A8DC-83F2-4D41-9D8D-C15A4E91C983}.Debug|Any CPU.ActiveCfg = Debug|Any CPU
		{AB53A8DC-83F2-4D41-9D8D-C15A4E91C983}.Debug|Any CPU.Build.0 = Debug|Any CPU
		{AB53A8DC-83F2-4D41-9D8D-C15A4E91C983}.Release|Any CPU.ActiveCfg = Release|Any CPU
		{AB53A8DC-83F2-4D41-9D8D-C15A4E91C983}.Release|Any CPU.Build.0 = Release|Any CPU
	EndGlobalSection
	GlobalSection(SolutionProperties) = preSolution
		HideSolutionNode = FALSE
	EndGlobalSection
	GlobalSection(ExtensibilityGlobals) = postSolution
		SolutionGuid = {05026CBA-349B-4FB8-8116-672A6884D25E}
	EndGlobalSection
EndGlobal
